// !$*UTF8*$!
{
	archiveVersion = 1;
	classes = {
	};
	objectVersion = 51;
	objects = {

/* Begin PBXBuildFile section */
		4F24D0DBEDC9CB8B569727A0 /* Pods_nhom3_ios_nhom3_iosUITests.framework in Frameworks */ = {isa = PBXBuildFile; fileRef = 42A814D919CBD78DE4E313A1 /* Pods_nhom3_ios_nhom3_iosUITests.framework */; };
		5F4AE10B2681C09200DA8E6B /* Acticle.swift in Sources */ = {isa = PBXBuildFile; fileRef = 5F4AE10A2681C09200DA8E6B /* Acticle.swift */; };
		5F4AE13D2681ECCE00DA8E6B /* DetailActicleViewController.swift in Sources */ = {isa = PBXBuildFile; fileRef = 5F4AE13C2681ECCE00DA8E6B /* DetailActicleViewController.swift */; };
		5F4AE1422682298300DA8E6B /* MessageViewController.swift in Sources */ = {isa = PBXBuildFile; fileRef = 5F4AE1412682298300DA8E6B /* MessageViewController.swift */; };
		5F4AE1472682299D00DA8E6B /* AddActicleViewController.swift in Sources */ = {isa = PBXBuildFile; fileRef = 5F4AE1462682299D00DA8E6B /* AddActicleViewController.swift */; };
		5F4E4ECF267DECA200CCBBFF /* AppDelegate.swift in Sources */ = {isa = PBXBuildFile; fileRef = 5F4E4ECE267DECA200CCBBFF /* AppDelegate.swift */; };
		5F4E4ED1267DECA200CCBBFF /* SceneDelegate.swift in Sources */ = {isa = PBXBuildFile; fileRef = 5F4E4ED0267DECA200CCBBFF /* SceneDelegate.swift */; };
		5F4E4ED3267DECA200CCBBFF /* LoginViewController.swift in Sources */ = {isa = PBXBuildFile; fileRef = 5F4E4ED2267DECA200CCBBFF /* LoginViewController.swift */; };
		5F4E4ED6267DECA200CCBBFF /* Main.storyboard in Resources */ = {isa = PBXBuildFile; fileRef = 5F4E4ED4267DECA200CCBBFF /* Main.storyboard */; };
		5F4E4ED8267DECA800CCBBFF /* Assets.xcassets in Resources */ = {isa = PBXBuildFile; fileRef = 5F4E4ED7267DECA800CCBBFF /* Assets.xcassets */; };
		5F4E4EDB267DECA800CCBBFF /* LaunchScreen.storyboard in Resources */ = {isa = PBXBuildFile; fileRef = 5F4E4ED9267DECA800CCBBFF /* LaunchScreen.storyboard */; };
		5F4E4EE6267DECA900CCBBFF /* nhom3_iosTests.swift in Sources */ = {isa = PBXBuildFile; fileRef = 5F4E4EE5267DECA900CCBBFF /* nhom3_iosTests.swift */; };
		5F4E4EF1267DECA900CCBBFF /* nhom3_iosUITests.swift in Sources */ = {isa = PBXBuildFile; fileRef = 5F4E4EF0267DECA900CCBBFF /* nhom3_iosUITests.swift */; };
		5F4E4F19267DF7A800CCBBFF /* RegisterViewController.swift in Sources */ = {isa = PBXBuildFile; fileRef = 5F4E4F18267DF7A800CCBBFF /* RegisterViewController.swift */; };
		5F4E4F24267DF86800CCBBFF /* ProfileViewController.swift in Sources */ = {isa = PBXBuildFile; fileRef = 5F4E4F23267DF86800CCBBFF /* ProfileViewController.swift */; };
		5F959F332683542E00826E91 /* InformationUserViewController.swift in Sources */ = {isa = PBXBuildFile; fileRef = 5F959F322683542E00826E91 /* InformationUserViewController.swift */; };
		5F959F452683A84600826E91 /* InforUser.swift in Sources */ = {isa = PBXBuildFile; fileRef = 5F959F442683A84600826E91 /* InforUser.swift */; };
		5F9F04A7267F357A00D321BA /* NewFeedsTableViewController.swift in Sources */ = {isa = PBXBuildFile; fileRef = 5F9F04A6267F357A00D321BA /* NewFeedsTableViewController.swift */; };
		5F9F04AC267F35B800D321BA /* NewFeedsTableViewCell.swift in Sources */ = {isa = PBXBuildFile; fileRef = 5F9F04AB267F35B800D321BA /* NewFeedsTableViewCell.swift */; };
		5FC5C8FD267F9320008DFBB8 /* GoogleService-Info.plist in Resources */ = {isa = PBXBuildFile; fileRef = 5FC5C8FC267F9320008DFBB8 /* GoogleService-Info.plist */; };
		A4F77FC1A1E65D028717DDDE /* Pods_nhom3_ios.framework in Frameworks */ = {isa = PBXBuildFile; fileRef = 1BC7D513F5E612C0071B38F8 /* Pods_nhom3_ios.framework */; };
		FA016F9EBEC064ACF1850717 /* Pods_nhom3_iosTests.framework in Frameworks */ = {isa = PBXBuildFile; fileRef = 5200328E3C5846D016AFD78E /* Pods_nhom3_iosTests.framework */; };
/* End PBXBuildFile section */

/* Begin PBXContainerItemProxy section */
		5F4E4EE2267DECA900CCBBFF /* PBXContainerItemProxy */ = {
			isa = PBXContainerItemProxy;
			containerPortal = 5F4E4EC3267DECA200CCBBFF /* Project object */;
			proxyType = 1;
			remoteGlobalIDString = 5F4E4ECA267DECA200CCBBFF;
			remoteInfo = nhom3_ios;
		};
		5F4E4EED267DECA900CCBBFF /* PBXContainerItemProxy */ = {
			isa = PBXContainerItemProxy;
			containerPortal = 5F4E4EC3267DECA200CCBBFF /* Project object */;
			proxyType = 1;
			remoteGlobalIDString = 5F4E4ECA267DECA200CCBBFF;
			remoteInfo = nhom3_ios;
		};
/* End PBXContainerItemProxy section */

/* Begin PBXFileReference section */
		1BC7D513F5E612C0071B38F8 /* Pods_nhom3_ios.framework */ = {isa = PBXFileReference; explicitFileType = wrapper.framework; includeInIndex = 0; path = Pods_nhom3_ios.framework; sourceTree = BUILT_PRODUCTS_DIR; };
		20A444E4B3D6EB7F44B23D3E /* Pods-nhom3_iosTests.release.xcconfig */ = {isa = PBXFileReference; includeInIndex = 1; lastKnownFileType = text.xcconfig; name = "Pods-nhom3_iosTests.release.xcconfig"; path = "Target Support Files/Pods-nhom3_iosTests/Pods-nhom3_iosTests.release.xcconfig"; sourceTree = "<group>"; };
		42A814D919CBD78DE4E313A1 /* Pods_nhom3_ios_nhom3_iosUITests.framework */ = {isa = PBXFileReference; explicitFileType = wrapper.framework; includeInIndex = 0; path = Pods_nhom3_ios_nhom3_iosUITests.framework; sourceTree = BUILT_PRODUCTS_DIR; };
		5200328E3C5846D016AFD78E /* Pods_nhom3_iosTests.framework */ = {isa = PBXFileReference; explicitFileType = wrapper.framework; includeInIndex = 0; path = Pods_nhom3_iosTests.framework; sourceTree = BUILT_PRODUCTS_DIR; };
		5F4AE10A2681C09200DA8E6B /* Acticle.swift */ = {isa = PBXFileReference; lastKnownFileType = sourcecode.swift; path = Acticle.swift; sourceTree = "<group>"; };
		5F4AE13C2681ECCE00DA8E6B /* DetailActicleViewController.swift */ = {isa = PBXFileReference; lastKnownFileType = sourcecode.swift; path = DetailActicleViewController.swift; sourceTree = "<group>"; };
		5F4AE1412682298300DA8E6B /* MessageViewController.swift */ = {isa = PBXFileReference; lastKnownFileType = sourcecode.swift; path = MessageViewController.swift; sourceTree = "<group>"; };
		5F4AE1462682299D00DA8E6B /* AddActicleViewController.swift */ = {isa = PBXFileReference; lastKnownFileType = sourcecode.swift; path = AddActicleViewController.swift; sourceTree = "<group>"; };
		5F4E4ECB267DECA200CCBBFF /* nhom3_ios.app */ = {isa = PBXFileReference; explicitFileType = wrapper.application; includeInIndex = 0; path = nhom3_ios.app; sourceTree = BUILT_PRODUCTS_DIR; };
		5F4E4ECE267DECA200CCBBFF /* AppDelegate.swift */ = {isa = PBXFileReference; lastKnownFileType = sourcecode.swift; path = AppDelegate.swift; sourceTree = "<group>"; };
		5F4E4ED0267DECA200CCBBFF /* SceneDelegate.swift */ = {isa = PBXFileReference; lastKnownFileType = sourcecode.swift; path = SceneDelegate.swift; sourceTree = "<group>"; };
		5F4E4ED2267DECA200CCBBFF /* LoginViewController.swift */ = {isa = PBXFileReference; lastKnownFileType = sourcecode.swift; path = LoginViewController.swift; sourceTree = "<group>"; };
		5F4E4ED5267DECA200CCBBFF /* Base */ = {isa = PBXFileReference; lastKnownFileType = file.storyboard; name = Base; path = Base.lproj/Main.storyboard; sourceTree = "<group>"; };
		5F4E4ED7267DECA800CCBBFF /* Assets.xcassets */ = {isa = PBXFileReference; lastKnownFileType = folder.assetcatalog; path = Assets.xcassets; sourceTree = "<group>"; };
		5F4E4EDA267DECA800CCBBFF /* Base */ = {isa = PBXFileReference; lastKnownFileType = file.storyboard; name = Base; path = Base.lproj/LaunchScreen.storyboard; sourceTree = "<group>"; };
		5F4E4EDC267DECA800CCBBFF /* Info.plist */ = {isa = PBXFileReference; lastKnownFileType = text.plist.xml; path = Info.plist; sourceTree = "<group>"; };
		5F4E4EE1267DECA900CCBBFF /* nhom3_iosTests.xctest */ = {isa = PBXFileReference; explicitFileType = wrapper.cfbundle; includeInIndex = 0; path = nhom3_iosTests.xctest; sourceTree = BUILT_PRODUCTS_DIR; };
		5F4E4EE5267DECA900CCBBFF /* nhom3_iosTests.swift */ = {isa = PBXFileReference; lastKnownFileType = sourcecode.swift; path = nhom3_iosTests.swift; sourceTree = "<group>"; };
		5F4E4EE7267DECA900CCBBFF /* Info.plist */ = {isa = PBXFileReference; lastKnownFileType = text.plist.xml; path = Info.plist; sourceTree = "<group>"; };
		5F4E4EEC267DECA900CCBBFF /* nhom3_iosUITests.xctest */ = {isa = PBXFileReference; explicitFileType = wrapper.cfbundle; includeInIndex = 0; path = nhom3_iosUITests.xctest; sourceTree = BUILT_PRODUCTS_DIR; };
		5F4E4EF0267DECA900CCBBFF /* nhom3_iosUITests.swift */ = {isa = PBXFileReference; lastKnownFileType = sourcecode.swift; path = nhom3_iosUITests.swift; sourceTree = "<group>"; };
		5F4E4EF2267DECA900CCBBFF /* Info.plist */ = {isa = PBXFileReference; lastKnownFileType = text.plist.xml; path = Info.plist; sourceTree = "<group>"; };
		5F4E4F18267DF7A800CCBBFF /* RegisterViewController.swift */ = {isa = PBXFileReference; lastKnownFileType = sourcecode.swift; path = RegisterViewController.swift; sourceTree = "<group>"; };
		5F4E4F23267DF86800CCBBFF /* ProfileViewController.swift */ = {isa = PBXFileReference; lastKnownFileType = sourcecode.swift; path = ProfileViewController.swift; sourceTree = "<group>"; };
		5F959F322683542E00826E91 /* InformationUserViewController.swift */ = {isa = PBXFileReference; lastKnownFileType = sourcecode.swift; path = InformationUserViewController.swift; sourceTree = "<group>"; };
		5F959F442683A84600826E91 /* InforUser.swift */ = {isa = PBXFileReference; lastKnownFileType = sourcecode.swift; path = InforUser.swift; sourceTree = "<group>"; };
		5F9F04A6267F357A00D321BA /* NewFeedsTableViewController.swift */ = {isa = PBXFileReference; lastKnownFileType = sourcecode.swift; path = NewFeedsTableViewController.swift; sourceTree = "<group>"; };
		5F9F04AB267F35B800D321BA /* NewFeedsTableViewCell.swift */ = {isa = PBXFileReference; lastKnownFileType = sourcecode.swift; path = NewFeedsTableViewCell.swift; sourceTree = "<group>"; };
		5FC5C8FC267F9320008DFBB8 /* GoogleService-Info.plist */ = {isa = PBXFileReference; fileEncoding = 4; lastKnownFileType = text.plist.xml; name = "GoogleService-Info.plist"; path = "../../GoogleService-Info.plist"; sourceTree = "<group>"; };
		79C93A2020E8C26E1BDE0195 /* Pods-nhom3_iosTests.debug.xcconfig */ = {isa = PBXFileReference; includeInIndex = 1; lastKnownFileType = text.xcconfig; name = "Pods-nhom3_iosTests.debug.xcconfig"; path = "Target Support Files/Pods-nhom3_iosTests/Pods-nhom3_iosTests.debug.xcconfig"; sourceTree = "<group>"; };
		81FCA5212384D00591291F31 /* Pods-nhom3_ios.debug.xcconfig */ = {isa = PBXFileReference; includeInIndex = 1; lastKnownFileType = text.xcconfig; name = "Pods-nhom3_ios.debug.xcconfig"; path = "Target Support Files/Pods-nhom3_ios/Pods-nhom3_ios.debug.xcconfig"; sourceTree = "<group>"; };
		9285CFB5BA9D969832BDCB4E /* Pods-nhom3_ios.release.xcconfig */ = {isa = PBXFileReference; includeInIndex = 1; lastKnownFileType = text.xcconfig; name = "Pods-nhom3_ios.release.xcconfig"; path = "Target Support Files/Pods-nhom3_ios/Pods-nhom3_ios.release.xcconfig"; sourceTree = "<group>"; };
		9546F3C5C31BB6416A1BAF5F /* Pods-nhom3_ios-nhom3_iosUITests.release.xcconfig */ = {isa = PBXFileReference; includeInIndex = 1; lastKnownFileType = text.xcconfig; name = "Pods-nhom3_ios-nhom3_iosUITests.release.xcconfig"; path = "Target Support Files/Pods-nhom3_ios-nhom3_iosUITests/Pods-nhom3_ios-nhom3_iosUITests.release.xcconfig"; sourceTree = "<group>"; };
		CD2C6F60F8FCFF364189FB62 /* Pods-nhom3_ios-nhom3_iosUITests.debug.xcconfig */ = {isa = PBXFileReference; includeInIndex = 1; lastKnownFileType = text.xcconfig; name = "Pods-nhom3_ios-nhom3_iosUITests.debug.xcconfig"; path = "Target Support Files/Pods-nhom3_ios-nhom3_iosUITests/Pods-nhom3_ios-nhom3_iosUITests.debug.xcconfig"; sourceTree = "<group>"; };
/* End PBXFileReference section */

/* Begin PBXFrameworksBuildPhase section */
		5F4E4EC8267DECA200CCBBFF /* Frameworks */ = {
			isa = PBXFrameworksBuildPhase;
			buildActionMask = 2147483647;
			files = (
				A4F77FC1A1E65D028717DDDE /* Pods_nhom3_ios.framework in Frameworks */,
			);
			runOnlyForDeploymentPostprocessing = 0;
		};
		5F4E4EDE267DECA900CCBBFF /* Frameworks */ = {
			isa = PBXFrameworksBuildPhase;
			buildActionMask = 2147483647;
			files = (
				FA016F9EBEC064ACF1850717 /* Pods_nhom3_iosTests.framework in Frameworks */,
			);
			runOnlyForDeploymentPostprocessing = 0;
		};
		5F4E4EE9267DECA900CCBBFF /* Frameworks */ = {
			isa = PBXFrameworksBuildPhase;
			buildActionMask = 2147483647;
			files = (
				4F24D0DBEDC9CB8B569727A0 /* Pods_nhom3_ios_nhom3_iosUITests.framework in Frameworks */,
			);
			runOnlyForDeploymentPostprocessing = 0;
		};
/* End PBXFrameworksBuildPhase section */

/* Begin PBXGroup section */
		5F4E4EC2267DECA200CCBBFF = {
			isa = PBXGroup;
			children = (
				5F4E4ECD267DECA200CCBBFF /* nhom3_ios */,
				5F4E4EE4267DECA900CCBBFF /* nhom3_iosTests */,
				5F4E4EEF267DECA900CCBBFF /* nhom3_iosUITests */,
				5F4E4ECC267DECA200CCBBFF /* Products */,
				A6B61088E3F19E61378BE161 /* Frameworks */,
				97770E072D60DEABC414D122 /* Pods */,
			);
			sourceTree = "<group>";
		};
		5F4E4ECC267DECA200CCBBFF /* Products */ = {
			isa = PBXGroup;
			children = (
				5F4E4ECB267DECA200CCBBFF /* nhom3_ios.app */,
				5F4E4EE1267DECA900CCBBFF /* nhom3_iosTests.xctest */,
				5F4E4EEC267DECA900CCBBFF /* nhom3_iosUITests.xctest */,
			);
			name = Products;
			sourceTree = "<group>";
		};
		5F4E4ECD267DECA200CCBBFF /* nhom3_ios */ = {
			isa = PBXGroup;
			children = (
				5F4E4F16267DF67B00CCBBFF /* Resources */,
				5F4E4F14267DF65E00CCBBFF /* Views */,
				5F4E4F13267DF65700CCBBFF /* Models */,
				5F4E4F12267DF64D00CCBBFF /* Controller */,
				5F4E4EDC267DECA800CCBBFF /* Info.plist */,
				5FC5C8FC267F9320008DFBB8 /* GoogleService-Info.plist */,
			);
			path = nhom3_ios;
			sourceTree = "<group>";
		};
		5F4E4EE4267DECA900CCBBFF /* nhom3_iosTests */ = {
			isa = PBXGroup;
			children = (
				5F4E4EE5267DECA900CCBBFF /* nhom3_iosTests.swift */,
				5F4E4EE7267DECA900CCBBFF /* Info.plist */,
			);
			path = nhom3_iosTests;
			sourceTree = "<group>";
		};
		5F4E4EEF267DECA900CCBBFF /* nhom3_iosUITests */ = {
			isa = PBXGroup;
			children = (
				5F4E4EF0267DECA900CCBBFF /* nhom3_iosUITests.swift */,
				5F4E4EF2267DECA900CCBBFF /* Info.plist */,
			);
			path = nhom3_iosUITests;
			sourceTree = "<group>";
		};
		5F4E4F12267DF64D00CCBBFF /* Controller */ = {
			isa = PBXGroup;
			children = (
				5F4E4ED2267DECA200CCBBFF /* LoginViewController.swift */,
				5F4E4F18267DF7A800CCBBFF /* RegisterViewController.swift */,
				5F4E4F23267DF86800CCBBFF /* ProfileViewController.swift */,
				5F9F04A6267F357A00D321BA /* NewFeedsTableViewController.swift */,
				5F9F04AB267F35B800D321BA /* NewFeedsTableViewCell.swift */,
				5F4AE13C2681ECCE00DA8E6B /* DetailActicleViewController.swift */,
				5F4AE1412682298300DA8E6B /* MessageViewController.swift */,
				5F4AE1462682299D00DA8E6B /* AddActicleViewController.swift */,
				5F959F322683542E00826E91 /* InformationUserViewController.swift */,
			);
			path = Controller;
			sourceTree = "<group>";
		};
		5F4E4F13267DF65700CCBBFF /* Models */ = {
			isa = PBXGroup;
			children = (
				5F4AE10A2681C09200DA8E6B /* Acticle.swift */,
				5F959F442683A84600826E91 /* InforUser.swift */,
			);
			path = Models;
			sourceTree = "<group>";
		};
		5F4E4F14267DF65E00CCBBFF /* Views */ = {
			isa = PBXGroup;
			children = (
				5F4E4ED7267DECA800CCBBFF /* Assets.xcassets */,
				5F4E4F17267DF68C00CCBBFF /* Storyboards */,
			);
			path = Views;
			sourceTree = "<group>";
		};
		5F4E4F16267DF67B00CCBBFF /* Resources */ = {
			isa = PBXGroup;
			children = (
				5F4E4ED0267DECA200CCBBFF /* SceneDelegate.swift */,
				5F4E4ECE267DECA200CCBBFF /* AppDelegate.swift */,
			);
			path = Resources;
			sourceTree = "<group>";
		};
		5F4E4F17267DF68C00CCBBFF /* Storyboards */ = {
			isa = PBXGroup;
			children = (
				5F4E4ED4267DECA200CCBBFF /* Main.storyboard */,
				5F4E4ED9267DECA800CCBBFF /* LaunchScreen.storyboard */,
			);
			path = Storyboards;
			sourceTree = "<group>";
		};
		97770E072D60DEABC414D122 /* Pods */ = {
			isa = PBXGroup;
			children = (
				81FCA5212384D00591291F31 /* Pods-nhom3_ios.debug.xcconfig */,
				9285CFB5BA9D969832BDCB4E /* Pods-nhom3_ios.release.xcconfig */,
				CD2C6F60F8FCFF364189FB62 /* Pods-nhom3_ios-nhom3_iosUITests.debug.xcconfig */,
				9546F3C5C31BB6416A1BAF5F /* Pods-nhom3_ios-nhom3_iosUITests.release.xcconfig */,
				79C93A2020E8C26E1BDE0195 /* Pods-nhom3_iosTests.debug.xcconfig */,
				20A444E4B3D6EB7F44B23D3E /* Pods-nhom3_iosTests.release.xcconfig */,
			);
			path = Pods;
			sourceTree = "<group>";
		};
		A6B61088E3F19E61378BE161 /* Frameworks */ = {
			isa = PBXGroup;
			children = (
				1BC7D513F5E612C0071B38F8 /* Pods_nhom3_ios.framework */,
				42A814D919CBD78DE4E313A1 /* Pods_nhom3_ios_nhom3_iosUITests.framework */,
				5200328E3C5846D016AFD78E /* Pods_nhom3_iosTests.framework */,
			);
			name = Frameworks;
			sourceTree = "<group>";
		};
/* End PBXGroup section */

/* Begin PBXNativeTarget section */
		5F4E4ECA267DECA200CCBBFF /* nhom3_ios */ = {
			isa = PBXNativeTarget;
			buildConfigurationList = 5F4E4EF5267DECA900CCBBFF /* Build configuration list for PBXNativeTarget "nhom3_ios" */;
			buildPhases = (
				28A681B2E80B51BC7F744FA6 /* [CP] Check Pods Manifest.lock */,
				5F4E4EC7267DECA200CCBBFF /* Sources */,
				5F4E4EC8267DECA200CCBBFF /* Frameworks */,
				5F4E4EC9267DECA200CCBBFF /* Resources */,
				5BE1A17329453834F81BF941 /* [CP] Embed Pods Frameworks */,
			);
			buildRules = (
			);
			dependencies = (
			);
			name = nhom3_ios;
			productName = nhom3_ios;
			productReference = 5F4E4ECB267DECA200CCBBFF /* nhom3_ios.app */;
			productType = "com.apple.product-type.application";
		};
		5F4E4EE0267DECA900CCBBFF /* nhom3_iosTests */ = {
			isa = PBXNativeTarget;
			buildConfigurationList = 5F4E4EF8267DECA900CCBBFF /* Build configuration list for PBXNativeTarget "nhom3_iosTests" */;
			buildPhases = (
				F9B9FC3730A26FAC5844727F /* [CP] Check Pods Manifest.lock */,
				5F4E4EDD267DECA900CCBBFF /* Sources */,
				5F4E4EDE267DECA900CCBBFF /* Frameworks */,
				5F4E4EDF267DECA900CCBBFF /* Resources */,
			);
			buildRules = (
			);
			dependencies = (
				5F4E4EE3267DECA900CCBBFF /* PBXTargetDependency */,
			);
			name = nhom3_iosTests;
			productName = nhom3_iosTests;
			productReference = 5F4E4EE1267DECA900CCBBFF /* nhom3_iosTests.xctest */;
			productType = "com.apple.product-type.bundle.unit-test";
		};
		5F4E4EEB267DECA900CCBBFF /* nhom3_iosUITests */ = {
			isa = PBXNativeTarget;
			buildConfigurationList = 5F4E4EFB267DECA900CCBBFF /* Build configuration list for PBXNativeTarget "nhom3_iosUITests" */;
			buildPhases = (
				E12D327EED03A219C04EFBED /* [CP] Check Pods Manifest.lock */,
				5F4E4EE8267DECA900CCBBFF /* Sources */,
				5F4E4EE9267DECA900CCBBFF /* Frameworks */,
				5F4E4EEA267DECA900CCBBFF /* Resources */,
				6B2F979D05FD497432029299 /* [CP] Embed Pods Frameworks */,
			);
			buildRules = (
			);
			dependencies = (
				5F4E4EEE267DECA900CCBBFF /* PBXTargetDependency */,
			);
			name = nhom3_iosUITests;
			productName = nhom3_iosUITests;
			productReference = 5F4E4EEC267DECA900CCBBFF /* nhom3_iosUITests.xctest */;
			productType = "com.apple.product-type.bundle.ui-testing";
		};
/* End PBXNativeTarget section */

/* Begin PBXProject section */
		5F4E4EC3267DECA200CCBBFF /* Project object */ = {
			isa = PBXProject;
			attributes = {
				LastSwiftUpdateCheck = 1240;
				LastUpgradeCheck = 1240;
				TargetAttributes = {
					5F4E4ECA267DECA200CCBBFF = {
						CreatedOnToolsVersion = 12.4;
					};
					5F4E4EE0267DECA900CCBBFF = {
						CreatedOnToolsVersion = 12.4;
						TestTargetID = 5F4E4ECA267DECA200CCBBFF;
					};
					5F4E4EEB267DECA900CCBBFF = {
						CreatedOnToolsVersion = 12.4;
						TestTargetID = 5F4E4ECA267DECA200CCBBFF;
					};
				};
			};
			buildConfigurationList = 5F4E4EC6267DECA200CCBBFF /* Build configuration list for PBXProject "nhom3_ios" */;
			compatibilityVersion = "Xcode 9.3";
			developmentRegion = en;
			hasScannedForEncodings = 0;
			knownRegions = (
				en,
				Base,
			);
			mainGroup = 5F4E4EC2267DECA200CCBBFF;
			productRefGroup = 5F4E4ECC267DECA200CCBBFF /* Products */;
			projectDirPath = "";
			projectRoot = "";
			targets = (
				5F4E4ECA267DECA200CCBBFF /* nhom3_ios */,
				5F4E4EE0267DECA900CCBBFF /* nhom3_iosTests */,
				5F4E4EEB267DECA900CCBBFF /* nhom3_iosUITests */,
			);
		};
/* End PBXProject section */

/* Begin PBXResourcesBuildPhase section */
		5F4E4EC9267DECA200CCBBFF /* Resources */ = {
			isa = PBXResourcesBuildPhase;
			buildActionMask = 2147483647;
			files = (
				5F4E4EDB267DECA800CCBBFF /* LaunchScreen.storyboard in Resources */,
				5FC5C8FD267F9320008DFBB8 /* GoogleService-Info.plist in Resources */,
				5F4E4ED8267DECA800CCBBFF /* Assets.xcassets in Resources */,
				5F4E4ED6267DECA200CCBBFF /* Main.storyboard in Resources */,
			);
			runOnlyForDeploymentPostprocessing = 0;
		};
		5F4E4EDF267DECA900CCBBFF /* Resources */ = {
			isa = PBXResourcesBuildPhase;
			buildActionMask = 2147483647;
			files = (
			);
			runOnlyForDeploymentPostprocessing = 0;
		};
		5F4E4EEA267DECA900CCBBFF /* Resources */ = {
			isa = PBXResourcesBuildPhase;
			buildActionMask = 2147483647;
			files = (
			);
			runOnlyForDeploymentPostprocessing = 0;
		};
/* End PBXResourcesBuildPhase section */

/* Begin PBXShellScriptBuildPhase section */
		28A681B2E80B51BC7F744FA6 /* [CP] Check Pods Manifest.lock */ = {
			isa = PBXShellScriptBuildPhase;
			buildActionMask = 2147483647;
			files = (
			);
			inputFileListPaths = (
			);
			inputPaths = (
				"${PODS_PODFILE_DIR_PATH}/Podfile.lock",
				"${PODS_ROOT}/Manifest.lock",
			);
			name = "[CP] Check Pods Manifest.lock";
			outputFileListPaths = (
			);
			outputPaths = (
				"$(DERIVED_FILE_DIR)/Pods-nhom3_ios-checkManifestLockResult.txt",
			);
			runOnlyForDeploymentPostprocessing = 0;
			shellPath = /bin/sh;
			shellScript = "diff \"${PODS_PODFILE_DIR_PATH}/Podfile.lock\" \"${PODS_ROOT}/Manifest.lock\" > /dev/null\nif [ $? != 0 ] ; then\n    # print error to STDERR\n    echo \"error: The sandbox is not in sync with the Podfile.lock. Run 'pod install' or update your CocoaPods installation.\" >&2\n    exit 1\nfi\n# This output is used by Xcode 'outputs' to avoid re-running this script phase.\necho \"SUCCESS\" > \"${SCRIPT_OUTPUT_FILE_0}\"\n";
			showEnvVarsInLog = 0;
		};
		5BE1A17329453834F81BF941 /* [CP] Embed Pods Frameworks */ = {
			isa = PBXShellScriptBuildPhase;
			buildActionMask = 2147483647;
			files = (
			);
			inputFileListPaths = (
				"${PODS_ROOT}/Target Support Files/Pods-nhom3_ios/Pods-nhom3_ios-frameworks-${CONFIGURATION}-input-files.xcfilelist",
			);
			name = "[CP] Embed Pods Frameworks";
			outputFileListPaths = (
				"${PODS_ROOT}/Target Support Files/Pods-nhom3_ios/Pods-nhom3_ios-frameworks-${CONFIGURATION}-output-files.xcfilelist",
			);
			runOnlyForDeploymentPostprocessing = 0;
			shellPath = /bin/sh;
			shellScript = "\"${PODS_ROOT}/Target Support Files/Pods-nhom3_ios/Pods-nhom3_ios-frameworks.sh\"\n";
			showEnvVarsInLog = 0;
		};
		6B2F979D05FD497432029299 /* [CP] Embed Pods Frameworks */ = {
			isa = PBXShellScriptBuildPhase;
			buildActionMask = 2147483647;
			files = (
			);
			inputFileListPaths = (
				"${PODS_ROOT}/Target Support Files/Pods-nhom3_ios-nhom3_iosUITests/Pods-nhom3_ios-nhom3_iosUITests-frameworks-${CONFIGURATION}-input-files.xcfilelist",
			);
			name = "[CP] Embed Pods Frameworks";
			outputFileListPaths = (
				"${PODS_ROOT}/Target Support Files/Pods-nhom3_ios-nhom3_iosUITests/Pods-nhom3_ios-nhom3_iosUITests-frameworks-${CONFIGURATION}-output-files.xcfilelist",
			);
			runOnlyForDeploymentPostprocessing = 0;
			shellPath = /bin/sh;
			shellScript = "\"${PODS_ROOT}/Target Support Files/Pods-nhom3_ios-nhom3_iosUITests/Pods-nhom3_ios-nhom3_iosUITests-frameworks.sh\"\n";
			showEnvVarsInLog = 0;
		};
		E12D327EED03A219C04EFBED /* [CP] Check Pods Manifest.lock */ = {
			isa = PBXShellScriptBuildPhase;
			buildActionMask = 2147483647;
			files = (
			);
			inputFileListPaths = (
			);
			inputPaths = (
				"${PODS_PODFILE_DIR_PATH}/Podfile.lock",
				"${PODS_ROOT}/Manifest.lock",
			);
			name = "[CP] Check Pods Manifest.lock";
			outputFileListPaths = (
			);
			outputPaths = (
				"$(DERIVED_FILE_DIR)/Pods-nhom3_ios-nhom3_iosUITests-checkManifestLockResult.txt",
			);
			runOnlyForDeploymentPostprocessing = 0;
			shellPath = /bin/sh;
			shellScript = "diff \"${PODS_PODFILE_DIR_PATH}/Podfile.lock\" \"${PODS_ROOT}/Manifest.lock\" > /dev/null\nif [ $? != 0 ] ; then\n    # print error to STDERR\n    echo \"error: The sandbox is not in sync with the Podfile.lock. Run 'pod install' or update your CocoaPods installation.\" >&2\n    exit 1\nfi\n# This output is used by Xcode 'outputs' to avoid re-running this script phase.\necho \"SUCCESS\" > \"${SCRIPT_OUTPUT_FILE_0}\"\n";
			showEnvVarsInLog = 0;
		};
		F9B9FC3730A26FAC5844727F /* [CP] Check Pods Manifest.lock */ = {
			isa = PBXShellScriptBuildPhase;
			buildActionMask = 2147483647;
			files = (
			);
			inputFileListPaths = (
			);
			inputPaths = (
				"${PODS_PODFILE_DIR_PATH}/Podfile.lock",
				"${PODS_ROOT}/Manifest.lock",
			);
			name = "[CP] Check Pods Manifest.lock";
			outputFileListPaths = (
			);
			outputPaths = (
				"$(DERIVED_FILE_DIR)/Pods-nhom3_iosTests-checkManifestLockResult.txt",
			);
			runOnlyForDeploymentPostprocessing = 0;
			shellPath = /bin/sh;
			shellScript = "diff \"${PODS_PODFILE_DIR_PATH}/Podfile.lock\" \"${PODS_ROOT}/Manifest.lock\" > /dev/null\nif [ $? != 0 ] ; then\n    # print error to STDERR\n    echo \"error: The sandbox is not in sync with the Podfile.lock. Run 'pod install' or update your CocoaPods installation.\" >&2\n    exit 1\nfi\n# This output is used by Xcode 'outputs' to avoid re-running this script phase.\necho \"SUCCESS\" > \"${SCRIPT_OUTPUT_FILE_0}\"\n";
			showEnvVarsInLog = 0;
		};
/* End PBXShellScriptBuildPhase section */

/* Begin PBXSourcesBuildPhase section */
		5F4E4EC7267DECA200CCBBFF /* Sources */ = {
			isa = PBXSourcesBuildPhase;
			buildActionMask = 2147483647;
			files = (
				5F4E4ED3267DECA200CCBBFF /* LoginViewController.swift in Sources */,
				5F4E4ECF267DECA200CCBBFF /* AppDelegate.swift in Sources */,
				5F959F452683A84600826E91 /* InforUser.swift in Sources */,
				5F959F332683542E00826E91 /* InformationUserViewController.swift in Sources */,
				5F9F04AC267F35B800D321BA /* NewFeedsTableViewCell.swift in Sources */,
				5F4AE1472682299D00DA8E6B /* AddActicleViewController.swift in Sources */,
				5F9F04A7267F357A00D321BA /* NewFeedsTableViewController.swift in Sources */,
				5F4AE1422682298300DA8E6B /* MessageViewController.swift in Sources */,
				5F4E4F24267DF86800CCBBFF /* ProfileViewController.swift in Sources */,
				5F4AE13D2681ECCE00DA8E6B /* DetailActicleViewController.swift in Sources */,
				5F4AE10B2681C09200DA8E6B /* Acticle.swift in Sources */,
				5F4E4ED1267DECA200CCBBFF /* SceneDelegate.swift in Sources */,
				5F4E4F19267DF7A800CCBBFF /* RegisterViewController.swift in Sources */,
			);
			runOnlyForDeploymentPostprocessing = 0;
		};
		5F4E4EDD267DECA900CCBBFF /* Sources */ = {
			isa = PBXSourcesBuildPhase;
			buildActionMask = 2147483647;
			files = (
				5F4E4EE6267DECA900CCBBFF /* nhom3_iosTests.swift in Sources */,
			);
			runOnlyForDeploymentPostprocessing = 0;
		};
		5F4E4EE8267DECA900CCBBFF /* Sources */ = {
			isa = PBXSourcesBuildPhase;
			buildActionMask = 2147483647;
			files = (
				5F4E4EF1267DECA900CCBBFF /* nhom3_iosUITests.swift in Sources */,
			);
			runOnlyForDeploymentPostprocessing = 0;
		};
/* End PBXSourcesBuildPhase section */

/* Begin PBXTargetDependency section */
		5F4E4EE3267DECA900CCBBFF /* PBXTargetDependency */ = {
			isa = PBXTargetDependency;
			target = 5F4E4ECA267DECA200CCBBFF /* nhom3_ios */;
			targetProxy = 5F4E4EE2267DECA900CCBBFF /* PBXContainerItemProxy */;
		};
		5F4E4EEE267DECA900CCBBFF /* PBXTargetDependency */ = {
			isa = PBXTargetDependency;
			target = 5F4E4ECA267DECA200CCBBFF /* nhom3_ios */;
			targetProxy = 5F4E4EED267DECA900CCBBFF /* PBXContainerItemProxy */;
		};
/* End PBXTargetDependency section */

/* Begin PBXVariantGroup section */
		5F4E4ED4267DECA200CCBBFF /* Main.storyboard */ = {
			isa = PBXVariantGroup;
			children = (
				5F4E4ED5267DECA200CCBBFF /* Base */,
			);
			name = Main.storyboard;
			sourceTree = "<group>";
		};
		5F4E4ED9267DECA800CCBBFF /* LaunchScreen.storyboard */ = {
			isa = PBXVariantGroup;
			children = (
				5F4E4EDA267DECA800CCBBFF /* Base */,
			);
			name = LaunchScreen.storyboard;
			sourceTree = "<group>";
		};
/* End PBXVariantGroup section */

/* Begin XCBuildConfiguration section */
		5F4E4EF3267DECA900CCBBFF /* Debug */ = {
			isa = XCBuildConfiguration;
			buildSettings = {
				ALWAYS_SEARCH_USER_PATHS = NO;
				CLANG_ANALYZER_NONNULL = YES;
				CLANG_ANALYZER_NUMBER_OBJECT_CONVERSION = YES_AGGRESSIVE;
				CLANG_CXX_LANGUAGE_STANDARD = "gnu++14";
				CLANG_CXX_LIBRARY = "libc++";
				CLANG_ENABLE_MODULES = YES;
				CLANG_ENABLE_OBJC_ARC = YES;
				CLANG_ENABLE_OBJC_WEAK = YES;
				CLANG_WARN_BLOCK_CAPTURE_AUTORELEASING = YES;
				CLANG_WARN_BOOL_CONVERSION = YES;
				CLANG_WARN_COMMA = YES;
				CLANG_WARN_CONSTANT_CONVERSION = YES;
				CLANG_WARN_DEPRECATED_OBJC_IMPLEMENTATIONS = YES;
				CLANG_WARN_DIRECT_OBJC_ISA_USAGE = YES_ERROR;
				CLANG_WARN_DOCUMENTATION_COMMENTS = YES;
				CLANG_WARN_EMPTY_BODY = YES;
				CLANG_WARN_ENUM_CONVERSION = YES;
				CLANG_WARN_INFINITE_RECURSION = YES;
				CLANG_WARN_INT_CONVERSION = YES;
				CLANG_WARN_NON_LITERAL_NULL_CONVERSION = YES;
				CLANG_WARN_OBJC_IMPLICIT_RETAIN_SELF = YES;
				CLANG_WARN_OBJC_LITERAL_CONVERSION = YES;
				CLANG_WARN_OBJC_ROOT_CLASS = YES_ERROR;
				CLANG_WARN_QUOTED_INCLUDE_IN_FRAMEWORK_HEADER = YES;
				CLANG_WARN_RANGE_LOOP_ANALYSIS = YES;
				CLANG_WARN_STRICT_PROTOTYPES = YES;
				CLANG_WARN_SUSPICIOUS_MOVE = YES;
				CLANG_WARN_UNGUARDED_AVAILABILITY = YES_AGGRESSIVE;
				CLANG_WARN_UNREACHABLE_CODE = YES;
				CLANG_WARN__DUPLICATE_METHOD_MATCH = YES;
				COPY_PHASE_STRIP = NO;
				DEBUG_INFORMATION_FORMAT = dwarf;
				ENABLE_STRICT_OBJC_MSGSEND = YES;
				ENABLE_TESTABILITY = YES;
				GCC_C_LANGUAGE_STANDARD = gnu11;
				GCC_DYNAMIC_NO_PIC = NO;
				GCC_NO_COMMON_BLOCKS = YES;
				GCC_OPTIMIZATION_LEVEL = 0;
				GCC_PREPROCESSOR_DEFINITIONS = (
					"DEBUG=1",
					"$(inherited)",
				);
				GCC_WARN_64_TO_32_BIT_CONVERSION = YES;
				GCC_WARN_ABOUT_RETURN_TYPE = YES_ERROR;
				GCC_WARN_UNDECLARED_SELECTOR = YES;
				GCC_WARN_UNINITIALIZED_AUTOS = YES_AGGRESSIVE;
				GCC_WARN_UNUSED_FUNCTION = YES;
				GCC_WARN_UNUSED_VARIABLE = YES;
				IPHONEOS_DEPLOYMENT_TARGET = 14.4;
				MTL_ENABLE_DEBUG_INFO = INCLUDE_SOURCE;
				MTL_FAST_MATH = YES;
				ONLY_ACTIVE_ARCH = YES;
				SDKROOT = iphoneos;
				SWIFT_ACTIVE_COMPILATION_CONDITIONS = DEBUG;
				SWIFT_OPTIMIZATION_LEVEL = "-Onone";
			};
			name = Debug;
		};
		5F4E4EF4267DECA900CCBBFF /* Release */ = {
			isa = XCBuildConfiguration;
			buildSettings = {
				ALWAYS_SEARCH_USER_PATHS = NO;
				CLANG_ANALYZER_NONNULL = YES;
				CLANG_ANALYZER_NUMBER_OBJECT_CONVERSION = YES_AGGRESSIVE;
				CLANG_CXX_LANGUAGE_STANDARD = "gnu++14";
				CLANG_CXX_LIBRARY = "libc++";
				CLANG_ENABLE_MODULES = YES;
				CLANG_ENABLE_OBJC_ARC = YES;
				CLANG_ENABLE_OBJC_WEAK = YES;
				CLANG_WARN_BLOCK_CAPTURE_AUTORELEASING = YES;
				CLANG_WARN_BOOL_CONVERSION = YES;
				CLANG_WARN_COMMA = YES;
				CLANG_WARN_CONSTANT_CONVERSION = YES;
				CLANG_WARN_DEPRECATED_OBJC_IMPLEMENTATIONS = YES;
				CLANG_WARN_DIRECT_OBJC_ISA_USAGE = YES_ERROR;
				CLANG_WARN_DOCUMENTATION_COMMENTS = YES;
				CLANG_WARN_EMPTY_BODY = YES;
				CLANG_WARN_ENUM_CONVERSION = YES;
				CLANG_WARN_INFINITE_RECURSION = YES;
				CLANG_WARN_INT_CONVERSION = YES;
				CLANG_WARN_NON_LITERAL_NULL_CONVERSION = YES;
				CLANG_WARN_OBJC_IMPLICIT_RETAIN_SELF = YES;
				CLANG_WARN_OBJC_LITERAL_CONVERSION = YES;
				CLANG_WARN_OBJC_ROOT_CLASS = YES_ERROR;
				CLANG_WARN_QUOTED_INCLUDE_IN_FRAMEWORK_HEADER = YES;
				CLANG_WARN_RANGE_LOOP_ANALYSIS = YES;
				CLANG_WARN_STRICT_PROTOTYPES = YES;
				CLANG_WARN_SUSPICIOUS_MOVE = YES;
				CLANG_WARN_UNGUARDED_AVAILABILITY = YES_AGGRESSIVE;
				CLANG_WARN_UNREACHABLE_CODE = YES;
				CLANG_WARN__DUPLICATE_METHOD_MATCH = YES;
				COPY_PHASE_STRIP = NO;
				DEBUG_INFORMATION_FORMAT = "dwarf-with-dsym";
				ENABLE_NS_ASSERTIONS = NO;
				ENABLE_STRICT_OBJC_MSGSEND = YES;
				GCC_C_LANGUAGE_STANDARD = gnu11;
				GCC_NO_COMMON_BLOCKS = YES;
				GCC_WARN_64_TO_32_BIT_CONVERSION = YES;
				GCC_WARN_ABOUT_RETURN_TYPE = YES_ERROR;
				GCC_WARN_UNDECLARED_SELECTOR = YES;
				GCC_WARN_UNINITIALIZED_AUTOS = YES_AGGRESSIVE;
				GCC_WARN_UNUSED_FUNCTION = YES;
				GCC_WARN_UNUSED_VARIABLE = YES;
				IPHONEOS_DEPLOYMENT_TARGET = 14.4;
				MTL_ENABLE_DEBUG_INFO = NO;
				MTL_FAST_MATH = YES;
				SDKROOT = iphoneos;
				SWIFT_COMPILATION_MODE = wholemodule;
				SWIFT_OPTIMIZATION_LEVEL = "-O";
				VALIDATE_PRODUCT = YES;
			};
			name = Release;
		};
		5F4E4EF6267DECA900CCBBFF /* Debug */ = {
			isa = XCBuildConfiguration;
			baseConfigurationReference = 81FCA5212384D00591291F31 /* Pods-nhom3_ios.debug.xcconfig */;
			buildSettings = {
				ASSETCATALOG_COMPILER_APPICON_NAME = AppIcon;
				ASSETCATALOG_COMPILER_GLOBAL_ACCENT_COLOR_NAME = AccentColor;
				CODE_SIGN_STYLE = Automatic;
				INFOPLIST_FILE = nhom3_ios/Info.plist;
				IPHONEOS_DEPLOYMENT_TARGET = 14.4;
				LD_RUNPATH_SEARCH_PATHS = (
					"$(inherited)",
					"@executable_path/Frameworks",
				);
				PRODUCT_BUNDLE_IDENTIFIER = "qq.nhom3-ios";
				PRODUCT_NAME = "$(TARGET_NAME)";
				SWIFT_VERSION = 5.0;
				TARGETED_DEVICE_FAMILY = "1,2";
			};
			name = Debug;
		};
		5F4E4EF7267DECA900CCBBFF /* Release */ = {
			isa = XCBuildConfiguration;
			baseConfigurationReference = 9285CFB5BA9D969832BDCB4E /* Pods-nhom3_ios.release.xcconfig */;
			buildSettings = {
				ASSETCATALOG_COMPILER_APPICON_NAME = AppIcon;
				ASSETCATALOG_COMPILER_GLOBAL_ACCENT_COLOR_NAME = AccentColor;
				CODE_SIGN_STYLE = Automatic;
				INFOPLIST_FILE = nhom3_ios/Info.plist;
				IPHONEOS_DEPLOYMENT_TARGET = 14.4;
				LD_RUNPATH_SEARCH_PATHS = (
					"$(inherited)",
					"@executable_path/Frameworks",
				);
				PRODUCT_BUNDLE_IDENTIFIER = "qq.nhom3-ios";
				PRODUCT_NAME = "$(TARGET_NAME)";
				SWIFT_VERSION = 5.0;
				TARGETED_DEVICE_FAMILY = "1,2";
			};
			name = Release;
		};
		5F4E4EF9267DECA900CCBBFF /* Debug */ = {
			isa = XCBuildConfiguration;
			baseConfigurationReference = 79C93A2020E8C26E1BDE0195 /* Pods-nhom3_iosTests.debug.xcconfig */;
			buildSettings = {
				ALWAYS_EMBED_SWIFT_STANDARD_LIBRARIES = YES;
				BUNDLE_LOADER = "$(TEST_HOST)";
				CODE_SIGN_STYLE = Automatic;
				INFOPLIST_FILE = nhom3_iosTests/Info.plist;
				IPHONEOS_DEPLOYMENT_TARGET = 14.4;
				LD_RUNPATH_SEARCH_PATHS = (
					"$(inherited)",
					"@executable_path/Frameworks",
					"@loader_path/Frameworks",
				);
				PRODUCT_BUNDLE_IDENTIFIER = "qq.nhom3-iosTests";
				PRODUCT_NAME = "$(TARGET_NAME)";
				SWIFT_VERSION = 5.0;
				TARGETED_DEVICE_FAMILY = "1,2";
				TEST_HOST = "$(BUILT_PRODUCTS_DIR)/nhom3_ios.app/nhom3_ios";
			};
			name = Debug;
		};
		5F4E4EFA267DECA900CCBBFF /* Release */ = {
			isa = XCBuildConfiguration;
			baseConfigurationReference = 20A444E4B3D6EB7F44B23D3E /* Pods-nhom3_iosTests.release.xcconfig */;
			buildSettings = {
				ALWAYS_EMBED_SWIFT_STANDARD_LIBRARIES = YES;
				BUNDLE_LOADER = "$(TEST_HOST)";
				CODE_SIGN_STYLE = Automatic;
				INFOPLIST_FILE = nhom3_iosTests/Info.plist;
				IPHONEOS_DEPLOYMENT_TARGET = 14.4;
				LD_RUNPATH_SEARCH_PATHS = (
					"$(inherited)",
					"@executable_path/Frameworks",
					"@loader_path/Frameworks",
				);
				PRODUCT_BUNDLE_IDENTIFIER = "qq.nhom3-iosTests";
				PRODUCT_NAME = "$(TARGET_NAME)";
				SWIFT_VERSION = 5.0;
				TARGETED_DEVICE_FAMILY = "1,2";
				TEST_HOST = "$(BUILT_PRODUCTS_DIR)/nhom3_ios.app/nhom3_ios";
			};
			name = Release;
		};
		5F4E4EFC267DECA900CCBBFF /* Debug */ = {
			isa = XCBuildConfiguration;
			baseConfigurationReference = CD2C6F60F8FCFF364189FB62 /* Pods-nhom3_ios-nhom3_iosUITests.debug.xcconfig */;
			buildSettings = {
				ALWAYS_EMBED_SWIFT_STANDARD_LIBRARIES = YES;
				CODE_SIGN_STYLE = Automatic;
				INFOPLIST_FILE = nhom3_iosUITests/Info.plist;
				LD_RUNPATH_SEARCH_PATHS = (
					"$(inherited)",
					"@executable_path/Frameworks",
					"@loader_path/Frameworks",
				);
				PRODUCT_BUNDLE_IDENTIFIER = "qq.nhom3-iosUITests";
				PRODUCT_NAME = "$(TARGET_NAME)";
				SWIFT_VERSION = 5.0;
				TARGETED_DEVICE_FAMILY = "1,2";
				TEST_TARGET_NAME = nhom3_ios;
			};
			name = Debug;
		};
		5F4E4EFD267DECA900CCBBFF /* Release */ = {
			isa = XCBuildConfiguration;
			baseConfigurationReference = 9546F3C5C31BB6416A1BAF5F /* Pods-nhom3_ios-nhom3_iosUITests.release.xcconfig */;
			buildSettings = {
				ALWAYS_EMBED_SWIFT_STANDARD_LIBRARIES = YES;
				CODE_SIGN_STYLE = Automatic;
				INFOPLIST_FILE = nhom3_iosUITests/Info.plist;
				LD_RUNPATH_SEARCH_PATHS = (
					"$(inherited)",
					"@executable_path/Frameworks",
					"@loader_path/Frameworks",
				);
				PRODUCT_BUNDLE_IDENTIFIER = "qq.nhom3-iosUITests";
				PRODUCT_NAME = "$(TARGET_NAME)";
				SWIFT_VERSION = 5.0;
				TARGETED_DEVICE_FAMILY = "1,2";
				TEST_TARGET_NAME = nhom3_ios;
			};
			name = Release;
		};
/* End XCBuildConfiguration section */

/* Begin XCConfigurationList section */
		5F4E4EC6267DECA200CCBBFF /* Build configuration list for PBXProject "nhom3_ios" */ = {
			isa = XCConfigurationList;
			buildConfigurations = (
				5F4E4EF3267DECA900CCBBFF /* Debug */,
				5F4E4EF4267DECA900CCBBFF /* Release */,
			);
			defaultConfigurationIsVisible = 0;
			defaultConfigurationName = Release;
		};
		5F4E4EF5267DECA900CCBBFF /* Build configuration list for PBXNativeTarget "nhom3_ios" */ = {
			isa = XCConfigurationList;
			buildConfigurations = (
				5F4E4EF6267DECA900CCBBFF /* Debug */,
				5F4E4EF7267DECA900CCBBFF /* Release */,
			);
			defaultConfigurationIsVisible = 0;
			defaultConfigurationName = Release;
		};
		5F4E4EF8267DECA900CCBBFF /* Build configuration list for PBXNativeTarget "nhom3_iosTests" */ = {
			isa = XCConfigurationList;
			buildConfigurations = (
				5F4E4EF9267DECA900CCBBFF /* Debug */,
				5F4E4EFA267DECA900CCBBFF /* Release */,
			);
			defaultConfigurationIsVisible = 0;
			defaultConfigurationName = Release;
		};
		5F4E4EFB267DECA900CCBBFF /* Build configuration list for PBXNativeTarget "nhom3_iosUITests" */ = {
			isa = XCConfigurationList;
			buildConfigurations = (
				5F4E4EFC267DECA900CCBBFF /* Debug */,
				5F4E4EFD267DECA900CCBBFF /* Release */,
			);
			defaultConfigurationIsVisible = 0;
			defaultConfigurationName = Release;
		};
/* End XCConfigurationList section */
	};
	rootObject = 5F4E4EC3267DECA200CCBBFF /* Project object */;
}
